
Microsoft Visual Studio Solution File, Format Version 12.00
# Visual Studio Version 17
VisualStudioVersion = 17.9.34728.123
MinimumVisualStudioVersion = 10.0.40219.1
Project("{FAE04EC0-301F-11D3-BF4B-00C04F79EFBC}") = "200569368", "200569368\200569368.csproj", "{9AEE875F-F2C5-473C-9A07-9311F9AAEB54}"
EndProject
Global
	GlobalSection(SolutionConfigurationPlatforms) = preSolution
		Debug|Any CPU = Debug|Any CPU
		Release|Any CPU = Release|Any CPU
	EndGlobalSection
	GlobalSection(ProjectConfigurationPlatforms) = postSolution
		{9AEE875F-F2C5-473C-9A07-9311F9AAEB54}.Debug|Any CPU.ActiveCfg = Debug|Any CPU
		{9AEE875F-F2C5-473C-9A07-9311F9AAEB54}.Debug|Any CPU.Build.0 = Debug|Any CPU
		{9AEE875F-F2C5-473C-9A07-9311F9AAEB54}.Release|Any CPU.ActiveCfg = Release|Any CPU
		{9AEE875F-F2C5-473C-9A07-9311F9AAEB54}.Release|Any CPU.Build.0 = Release|Any CPU
	EndGlobalSection
	GlobalSection(SolutionProperties) = preSolution
		HideSolutionNode = FALSE
	EndGlobalSection
	GlobalSection(ExtensibilityGlobals) = postSolution
		SolutionGuid = {9CDC348C-8519-4A11-8A4B-BF849D36CD08}
	EndGlobalSection
EndGlobal
